// !$*UTF8*$!
{
	archiveVersion = 1;
	classes = {
	};
	objectVersion = 46;
	objects = {

/* Begin PBXBuildFile section */
		3554C51C1F4EEE310018DB12 /* NVConsts.m in Sources */ = {isa = PBXBuildFile; fileRef = 3554C51B1F4EEE310018DB12 /* NVConsts.m */; };
		3554C5221F4F04B00018DB12 /* NVTableViewCellForFMView.m in Sources */ = {isa = PBXBuildFile; fileRef = 3554C5211F4F04B00018DB12 /* NVTableViewCellForFMView.m */; };
		357547471F4EB84A007390D8 /* main.m in Sources */ = {isa = PBXBuildFile; fileRef = 357547461F4EB84A007390D8 /* main.m */; };
		3575474A1F4EB84A007390D8 /* AppDelegate.m in Sources */ = {isa = PBXBuildFile; fileRef = 357547491F4EB84A007390D8 /* AppDelegate.m */; };
		357547531F4EB84A007390D8 /* Main.storyboard in Resources */ = {isa = PBXBuildFile; fileRef = 357547511F4EB84A007390D8 /* Main.storyboard */; };
		357547581F4EB84A007390D8 /* LaunchScreen.storyboard in Resources */ = {isa = PBXBuildFile; fileRef = 357547561F4EB84A007390D8 /* LaunchScreen.storyboard */; };
		357547611F4EC441007390D8 /* NVFMViewController.m in Sources */ = {isa = PBXBuildFile; fileRef = 357547601F4EC441007390D8 /* NVFMViewController.m */; };
		357547671F4EC607007390D8 /* NVDataLoader.m in Sources */ = {isa = PBXBuildFile; fileRef = 357547661F4EC607007390D8 /* NVDataLoader.m */; };
		357B8DDB1F504A2300D48D86 /* QuartzCore.framework in Frameworks */ = {isa = PBXBuildFile; fileRef = 357B8DDA1F504A2300D48D86 /* QuartzCore.framework */; };
		358F381F1F5011A8009CCDE9 /* Media.xcassets in Resources */ = {isa = PBXBuildFile; fileRef = 358F381E1F5011A8009CCDE9 /* Media.xcassets */; };
		35B172D91F4F1A4D00AE5100 /* NVPlayViewController.m in Sources */ = {isa = PBXBuildFile; fileRef = 35B172D81F4F1A4D00AE5100 /* NVPlayViewController.m */; };
		35B172DB1F4F264D00AE5100 /* AVFoundation.framework in Frameworks */ = {isa = PBXBuildFile; fileRef = 35B172DA1F4F264D00AE5100 /* AVFoundation.framework */; };
		35E5615C1F50598700FB038A /* NVRadioDataModel.m in Sources */ = {isa = PBXBuildFile; fileRef = 35E5615B1F50598700FB038A /* NVRadioDataModel.m */; };
		35E5615F1F50668200FB038A /* NVAudioController.m in Sources */ = {isa = PBXBuildFile; fileRef = 35E5615E1F50668200FB038A /* NVAudioController.m */; };
		B839945603A63283CD231654 /* Pods_NVFmHero.framework in Frameworks */ = {isa = PBXBuildFile; fileRef = 750A85205E4220028B49E904 /* Pods_NVFmHero.framework */; };
/* End PBXBuildFile section */

/* Begin PBXCopyFilesBuildPhase section */
		35E561751F50709F00FB038A /* Embed App Extensions */ = {
			isa = PBXCopyFilesBuildPhase;
			buildActionMask = 2147483647;
			dstPath = "";
			dstSubfolderSpec = 13;
			files = (
			);
			name = "Embed App Extensions";
			runOnlyForDeploymentPostprocessing = 0;
		};
/* End PBXCopyFilesBuildPhase section */

/* Begin PBXFileReference section */
		3554C51A1F4EEE310018DB12 /* NVConsts.h */ = {isa = PBXFileReference; fileEncoding = 4; lastKnownFileType = sourcecode.c.h; path = NVConsts.h; sourceTree = "<group>"; };
		3554C51B1F4EEE310018DB12 /* NVConsts.m */ = {isa = PBXFileReference; fileEncoding = 4; lastKnownFileType = sourcecode.c.objc; path = NVConsts.m; sourceTree = "<group>"; };
		3554C5201F4F04B00018DB12 /* NVTableViewCellForFMView.h */ = {isa = PBXFileReference; fileEncoding = 4; lastKnownFileType = sourcecode.c.h; path = NVTableViewCellForFMView.h; sourceTree = "<group>"; };
		3554C5211F4F04B00018DB12 /* NVTableViewCellForFMView.m */ = {isa = PBXFileReference; fileEncoding = 4; lastKnownFileType = sourcecode.c.objc; path = NVTableViewCellForFMView.m; sourceTree = "<group>"; };
		357547421F4EB84A007390D8 /* NVFmHero.app */ = {isa = PBXFileReference; explicitFileType = wrapper.application; includeInIndex = 0; path = NVFmHero.app; sourceTree = BUILT_PRODUCTS_DIR; };
		357547461F4EB84A007390D8 /* main.m */ = {isa = PBXFileReference; lastKnownFileType = sourcecode.c.objc; path = main.m; sourceTree = "<group>"; };
		357547481F4EB84A007390D8 /* AppDelegate.h */ = {isa = PBXFileReference; lastKnownFileType = sourcecode.c.h; path = AppDelegate.h; sourceTree = "<group>"; };
		357547491F4EB84A007390D8 /* AppDelegate.m */ = {isa = PBXFileReference; lastKnownFileType = sourcecode.c.objc; path = AppDelegate.m; sourceTree = "<group>"; };
		357547521F4EB84A007390D8 /* Base */ = {isa = PBXFileReference; lastKnownFileType = file.storyboard; name = Base; path = Base.lproj/Main.storyboard; sourceTree = "<group>"; };
		357547571F4EB84A007390D8 /* Base */ = {isa = PBXFileReference; lastKnownFileType = file.storyboard; name = Base; path = Base.lproj/LaunchScreen.storyboard; sourceTree = "<group>"; };
		357547591F4EB84A007390D8 /* Info.plist */ = {isa = PBXFileReference; lastKnownFileType = text.plist.xml; path = Info.plist; sourceTree = "<group>"; };
		3575475F1F4EC441007390D8 /* NVFMViewController.h */ = {isa = PBXFileReference; fileEncoding = 4; lastKnownFileType = sourcecode.c.h; path = NVFMViewController.h; sourceTree = "<group>"; };
		357547601F4EC441007390D8 /* NVFMViewController.m */ = {isa = PBXFileReference; fileEncoding = 4; lastKnownFileType = sourcecode.c.objc; path = NVFMViewController.m; sourceTree = "<group>"; };
		357547651F4EC607007390D8 /* NVDataLoader.h */ = {isa = PBXFileReference; fileEncoding = 4; lastKnownFileType = sourcecode.c.h; path = NVDataLoader.h; sourceTree = "<group>"; };
		357547661F4EC607007390D8 /* NVDataLoader.m */ = {isa = PBXFileReference; fileEncoding = 4; lastKnownFileType = sourcecode.c.objc; path = NVDataLoader.m; sourceTree = "<group>"; };
		357B8DDA1F504A2300D48D86 /* QuartzCore.framework */ = {isa = PBXFileReference; lastKnownFileType = wrapper.framework; name = QuartzCore.framework; path = System/Library/Frameworks/QuartzCore.framework; sourceTree = SDKROOT; };
		358F381E1F5011A8009CCDE9 /* Media.xcassets */ = {isa = PBXFileReference; lastKnownFileType = folder.assetcatalog; path = Media.xcassets; sourceTree = "<group>"; };
		35B172D71F4F1A4D00AE5100 /* NVPlayViewController.h */ = {isa = PBXFileReference; fileEncoding = 4; lastKnownFileType = sourcecode.c.h; path = NVPlayViewController.h; sourceTree = "<group>"; };
		35B172D81F4F1A4D00AE5100 /* NVPlayViewController.m */ = {isa = PBXFileReference; fileEncoding = 4; lastKnownFileType = sourcecode.c.objc; path = NVPlayViewController.m; sourceTree = "<group>"; };
		35B172DA1F4F264D00AE5100 /* AVFoundation.framework */ = {isa = PBXFileReference; lastKnownFileType = wrapper.framework; name = AVFoundation.framework; path = System/Library/Frameworks/AVFoundation.framework; sourceTree = SDKROOT; };
		35E5615A1F50598700FB038A /* NVRadioDataModel.h */ = {isa = PBXFileReference; fileEncoding = 4; lastKnownFileType = sourcecode.c.h; path = NVRadioDataModel.h; sourceTree = "<group>"; };
		35E5615B1F50598700FB038A /* NVRadioDataModel.m */ = {isa = PBXFileReference; fileEncoding = 4; lastKnownFileType = sourcecode.c.objc; path = NVRadioDataModel.m; sourceTree = "<group>"; };
		35E5615D1F50668200FB038A /* NVAudioController.h */ = {isa = PBXFileReference; fileEncoding = 4; lastKnownFileType = sourcecode.c.h; path = NVAudioController.h; sourceTree = "<group>"; };
		35E5615E1F50668200FB038A /* NVAudioController.m */ = {isa = PBXFileReference; fileEncoding = 4; lastKnownFileType = sourcecode.c.objc; path = NVAudioController.m; sourceTree = "<group>"; };
		35E561651F50709F00FB038A /* NotificationCenter.framework */ = {isa = PBXFileReference; lastKnownFileType = wrapper.framework; name = NotificationCenter.framework; path = System/Library/Frameworks/NotificationCenter.framework; sourceTree = SDKROOT; };
		45EAEC6343702078D1E9082B /* Pods-NVFmHero.debug.xcconfig */ = {isa = PBXFileReference; includeInIndex = 1; lastKnownFileType = text.xcconfig; name = "Pods-NVFmHero.debug.xcconfig"; path = "Pods/Target Support Files/Pods-NVFmHero/Pods-NVFmHero.debug.xcconfig"; sourceTree = "<group>"; };
		6EE4BECDF2CE4641D71612EE /* Pods-NVFmHero.release.xcconfig */ = {isa = PBXFileReference; includeInIndex = 1; lastKnownFileType = text.xcconfig; name = "Pods-NVFmHero.release.xcconfig"; path = "Pods/Target Support Files/Pods-NVFmHero/Pods-NVFmHero.release.xcconfig"; sourceTree = "<group>"; };
		750A85205E4220028B49E904 /* Pods_NVFmHero.framework */ = {isa = PBXFileReference; explicitFileType = wrapper.framework; includeInIndex = 0; path = Pods_NVFmHero.framework; sourceTree = BUILT_PRODUCTS_DIR; };
/* End PBXFileReference section */

/* Begin PBXFrameworksBuildPhase section */
		3575473F1F4EB84A007390D8 /* Frameworks */ = {
			isa = PBXFrameworksBuildPhase;
			buildActionMask = 2147483647;
			files = (
				357B8DDB1F504A2300D48D86 /* QuartzCore.framework in Frameworks */,
				35B172DB1F4F264D00AE5100 /* AVFoundation.framework in Frameworks */,
				B839945603A63283CD231654 /* Pods_NVFmHero.framework in Frameworks */,
			);
			runOnlyForDeploymentPostprocessing = 0;
		};
/* End PBXFrameworksBuildPhase section */

/* Begin PBXGroup section */
		292B2004C9029BC05719416E /* Pods */ = {
			isa = PBXGroup;
			children = (
				45EAEC6343702078D1E9082B /* Pods-NVFmHero.debug.xcconfig */,
				6EE4BECDF2CE4641D71612EE /* Pods-NVFmHero.release.xcconfig */,
			);
			name = Pods;
			sourceTree = "<group>";
		};
		3554C5191F4EEE1B0018DB12 /* Consts */ = {
			isa = PBXGroup;
			children = (
				3554C51A1F4EEE310018DB12 /* NVConsts.h */,
				3554C51B1F4EEE310018DB12 /* NVConsts.m */,
			);
			name = Consts;
			sourceTree = "<group>";
		};
		357547391F4EB84A007390D8 = {
			isa = PBXGroup;
			children = (
				357547441F4EB84A007390D8 /* NVFmHero */,
				357547431F4EB84A007390D8 /* Products */,
				292B2004C9029BC05719416E /* Pods */,
				7D2DE64ED8BCF7C0B9F69CA9 /* Frameworks */,
			);
			sourceTree = "<group>";
		};
		357547431F4EB84A007390D8 /* Products */ = {
			isa = PBXGroup;
			children = (
				357547421F4EB84A007390D8 /* NVFmHero.app */,
			);
			name = Products;
			sourceTree = "<group>";
		};
		357547441F4EB84A007390D8 /* NVFmHero */ = {
			isa = PBXGroup;
			children = (
				3554C5191F4EEE1B0018DB12 /* Consts */,
				35E561591F50595B00FB038A /* Models */,
				357547691F4EC90C007390D8 /* CustomCells */,
				357547681F4EC60D007390D8 /* Controllers */,
				35E5615D1F50668200FB038A /* NVAudioController.h */,
				35E5615E1F50668200FB038A /* NVAudioController.m */,
				357547651F4EC607007390D8 /* NVDataLoader.h */,
				357547661F4EC607007390D8 /* NVDataLoader.m */,
				357547511F4EB84A007390D8 /* Main.storyboard */,
				357547451F4EB84A007390D8 /* Supporting Files */,
			);
			path = NVFmHero;
			sourceTree = "<group>";
		};
		357547451F4EB84A007390D8 /* Supporting Files */ = {
			isa = PBXGroup;
			children = (
				358F381E1F5011A8009CCDE9 /* Media.xcassets */,
				357547481F4EB84A007390D8 /* AppDelegate.h */,
				357547491F4EB84A007390D8 /* AppDelegate.m */,
				357547591F4EB84A007390D8 /* Info.plist */,
				357547561F4EB84A007390D8 /* LaunchScreen.storyboard */,
				357547461F4EB84A007390D8 /* main.m */,
			);
			name = "Supporting Files";
			sourceTree = "<group>";
		};
		357547681F4EC60D007390D8 /* Controllers */ = {
			isa = PBXGroup;
			children = (
				3575475F1F4EC441007390D8 /* NVFMViewController.h */,
				357547601F4EC441007390D8 /* NVFMViewController.m */,
				35B172D71F4F1A4D00AE5100 /* NVPlayViewController.h */,
				35B172D81F4F1A4D00AE5100 /* NVPlayViewController.m */,
			);
			name = Controllers;
			sourceTree = "<group>";
		};
		357547691F4EC90C007390D8 /* CustomCells */ = {
			isa = PBXGroup;
			children = (
				3554C5201F4F04B00018DB12 /* NVTableViewCellForFMView.h */,
				3554C5211F4F04B00018DB12 /* NVTableViewCellForFMView.m */,
			);
			name = CustomCells;
			sourceTree = "<group>";
		};
		35E561591F50595B00FB038A /* Models */ = {
			isa = PBXGroup;
			children = (
				35E5615A1F50598700FB038A /* NVRadioDataModel.h */,
				35E5615B1F50598700FB038A /* NVRadioDataModel.m */,
			);
			name = Models;
			sourceTree = "<group>";
		};
		7D2DE64ED8BCF7C0B9F69CA9 /* Frameworks */ = {
			isa = PBXGroup;
			children = (
				357B8DDA1F504A2300D48D86 /* QuartzCore.framework */,
				35B172DA1F4F264D00AE5100 /* AVFoundation.framework */,
				750A85205E4220028B49E904 /* Pods_NVFmHero.framework */,
				35E561651F50709F00FB038A /* NotificationCenter.framework */,
			);
			name = Frameworks;
			sourceTree = "<group>";
		};
/* End PBXGroup section */

/* Begin PBXNativeTarget section */
		357547411F4EB84A007390D8 /* NVFmHero */ = {
			isa = PBXNativeTarget;
			buildConfigurationList = 3575475C1F4EB84A007390D8 /* Build configuration list for PBXNativeTarget "NVFmHero" */;
			buildPhases = (
				CFB1FBC1E9F5C0347EC3E289 /* [CP] Check Pods Manifest.lock */,
				3575473E1F4EB84A007390D8 /* Sources */,
				3575473F1F4EB84A007390D8 /* Frameworks */,
				357547401F4EB84A007390D8 /* Resources */,
				94CFB50107A8364ACF832728 /* [CP] Embed Pods Frameworks */,
				CE1D15739E6695B220A9A173 /* [CP] Copy Pods Resources */,
				35E561751F50709F00FB038A /* Embed App Extensions */,
			);
			buildRules = (
			);
			dependencies = (
			);
			name = NVFmHero;
			productName = NVFmHero;
			productReference = 357547421F4EB84A007390D8 /* NVFmHero.app */;
			productType = "com.apple.product-type.application";
		};
/* End PBXNativeTarget section */

/* Begin PBXProject section */
		3575473A1F4EB84A007390D8 /* Project object */ = {
			isa = PBXProject;
			attributes = {
				LastUpgradeCheck = 0830;
				ORGANIZATIONNAME = "mac-228";
				TargetAttributes = {
					357547411F4EB84A007390D8 = {
						CreatedOnToolsVersion = 8.3.3;
						DevelopmentTeam = X85RG62ZLZ;
						ProvisioningStyle = Automatic;
						SystemCapabilities = {
							com.apple.ApplicationGroups.iOS = {
								enabled = 0;
							};
						};
					};
				};
			};
			buildConfigurationList = 3575473D1F4EB84A007390D8 /* Build configuration list for PBXProject "NVFmHero" */;
			compatibilityVersion = "Xcode 3.2";
			developmentRegion = English;
			hasScannedForEncodings = 0;
			knownRegions = (
				en,
				Base,
			);
			mainGroup = 357547391F4EB84A007390D8;
			productRefGroup = 357547431F4EB84A007390D8 /* Products */;
			projectDirPath = "";
			projectRoot = "";
			targets = (
				357547411F4EB84A007390D8 /* NVFmHero */,
			);
		};
/* End PBXProject section */

/* Begin PBXResourcesBuildPhase section */
		357547401F4EB84A007390D8 /* Resources */ = {
			isa = PBXResourcesBuildPhase;
			buildActionMask = 2147483647;
			files = (
				357547581F4EB84A007390D8 /* LaunchScreen.storyboard in Resources */,
				358F381F1F5011A8009CCDE9 /* Media.xcassets in Resources */,
				357547531F4EB84A007390D8 /* Main.storyboard in Resources */,
			);
			runOnlyForDeploymentPostprocessing = 0;
		};
/* End PBXResourcesBuildPhase section */

/* Begin PBXShellScriptBuildPhase section */
		94CFB50107A8364ACF832728 /* [CP] Embed Pods Frameworks */ = {
			isa = PBXShellScriptBuildPhase;
			buildActionMask = 2147483647;
			files = (
			);
			inputPaths = (
				"${SRCROOT}/Pods/Target Support Files/Pods-NVFmHero/Pods-NVFmHero-frameworks.sh",
				"${BUILT_PRODUCTS_DIR}/AFNetworking/AFNetworking.framework",
				"${BUILT_PRODUCTS_DIR}/MarqueeLabel/MarqueeLabel.framework",
			);
			name = "[CP] Embed Pods Frameworks";
			outputPaths = (
				"${TARGET_BUILD_DIR}/${FRAMEWORKS_FOLDER_PATH}/AFNetworking.framework",
				"${TARGET_BUILD_DIR}/${FRAMEWORKS_FOLDER_PATH}/MarqueeLabel.framework",
			);
			runOnlyForDeploymentPostprocessing = 0;
			shellPath = /bin/sh;
			shellScript = "\"${SRCROOT}/Pods/Target Support Files/Pods-NVFmHero/Pods-NVFmHero-frameworks.sh\"\n";
			showEnvVarsInLog = 0;
		};
		CE1D15739E6695B220A9A173 /* [CP] Copy Pods Resources */ = {
			isa = PBXShellScriptBuildPhase;
			buildActionMask = 2147483647;
			files = (
			);
			inputPaths = (
			);
			name = "[CP] Copy Pods Resources";
			outputPaths = (
			);
			runOnlyForDeploymentPostprocessing = 0;
			shellPath = /bin/sh;
			shellScript = "\"${SRCROOT}/Pods/Target Support Files/Pods-NVFmHero/Pods-NVFmHero-resources.sh\"\n";
			showEnvVarsInLog = 0;
		};
		CFB1FBC1E9F5C0347EC3E289 /* [CP] Check Pods Manifest.lock */ = {
			isa = PBXShellScriptBuildPhase;
			buildActionMask = 2147483647;
			files = (
			);
			inputPaths = (
				"${PODS_PODFILE_DIR_PATH}/Podfile.lock",
				"${PODS_ROOT}/Manifest.lock",
			);
			name = "[CP] Check Pods Manifest.lock";
			outputPaths = (
				"$(DERIVED_FILE_DIR)/Pods-NVFmHero-checkManifestLockResult.txt",
			);
			runOnlyForDeploymentPostprocessing = 0;
			shellPath = /bin/sh;
			shellScript = "diff \"${PODS_PODFILE_DIR_PATH}/Podfile.lock\" \"${PODS_ROOT}/Manifest.lock\" > /dev/null\nif [ $? != 0 ] ; then\n    # print error to STDERR\n    echo \"error: The sandbox is not in sync with the Podfile.lock. Run 'pod install' or update your CocoaPods installation.\" >&2\n    exit 1\nfi\n# This output is used by Xcode 'outputs' to avoid re-running this script phase.\necho \"SUCCESS\" > \"${SCRIPT_OUTPUT_FILE_0}\"\n";
			showEnvVarsInLog = 0;
		};
/* End PBXShellScriptBuildPhase section */

/* Begin PBXSourcesBuildPhase section */
		3575473E1F4EB84A007390D8 /* Sources */ = {
			isa = PBXSourcesBuildPhase;
			buildActionMask = 2147483647;
			files = (
				3575474A1F4EB84A007390D8 /* AppDelegate.m in Sources */,
				357547611F4EC441007390D8 /* NVFMViewController.m in Sources */,
				357547671F4EC607007390D8 /* NVDataLoader.m in Sources */,
				35E5615C1F50598700FB038A /* NVRadioDataModel.m in Sources */,
				35B172D91F4F1A4D00AE5100 /* NVPlayViewController.m in Sources */,
				3554C5221F4F04B00018DB12 /* NVTableViewCellForFMView.m in Sources */,
				357547471F4EB84A007390D8 /* main.m in Sources */,
				35E5615F1F50668200FB038A /* NVAudioController.m in Sources */,
				3554C51C1F4EEE310018DB12 /* NVConsts.m in Sources */,
			);
			runOnlyForDeploymentPostprocessing = 0;
		};
/* End PBXSourcesBuildPhase section */

/* Begin PBXVariantGroup section */
		357547511F4EB84A007390D8 /* Main.storyboard */ = {
			isa = PBXVariantGroup;
			children = (
				357547521F4EB84A007390D8 /* Base */,
			);
			name = Main.storyboard;
			sourceTree = "<group>";
		};
		357547561F4EB84A007390D8 /* LaunchScreen.storyboard */ = {
			isa = PBXVariantGroup;
			children = (
				357547571F4EB84A007390D8 /* Base */,
			);
			name = LaunchScreen.storyboard;
			sourceTree = "<group>";
		};
/* End PBXVariantGroup section */

/* Begin XCBuildConfiguration section */
		3575475A1F4EB84A007390D8 /* Debug */ = {
			isa = XCBuildConfiguration;
			buildSettings = {
				ALWAYS_SEARCH_USER_PATHS = NO;
				CLANG_ANALYZER_NONNULL = YES;
				CLANG_ANALYZER_NUMBER_OBJECT_CONVERSION = YES_AGGRESSIVE;
				CLANG_CXX_LANGUAGE_STANDARD = "gnu++0x";
				CLANG_CXX_LIBRARY = "libc++";
				CLANG_ENABLE_MODULES = YES;
				CLANG_ENABLE_OBJC_ARC = YES;
				CLANG_WARN_BOOL_CONVERSION = YES;
				CLANG_WARN_CONSTANT_CONVERSION = YES;
				CLANG_WARN_DIRECT_OBJC_ISA_USAGE = YES_ERROR;
				CLANG_WARN_DOCUMENTATION_COMMENTS = YES;
				CLANG_WARN_EMPTY_BODY = YES;
				CLANG_WARN_ENUM_CONVERSION = YES;
				CLANG_WARN_INFINITE_RECURSION = YES;
				CLANG_WARN_INT_CONVERSION = YES;
				CLANG_WARN_OBJC_ROOT_CLASS = YES_ERROR;
				CLANG_WARN_SUSPICIOUS_MOVE = YES;
				CLANG_WARN_UNREACHABLE_CODE = YES;
				CLANG_WARN__DUPLICATE_METHOD_MATCH = YES;
				"CODE_SIGN_IDENTITY[sdk=iphoneos*]" = "iPhone Developer";
				COPY_PHASE_STRIP = NO;
				DEBUG_INFORMATION_FORMAT = dwarf;
				ENABLE_STRICT_OBJC_MSGSEND = YES;
				ENABLE_TESTABILITY = YES;
				GCC_C_LANGUAGE_STANDARD = gnu99;
				GCC_DYNAMIC_NO_PIC = NO;
				GCC_NO_COMMON_BLOCKS = YES;
				GCC_OPTIMIZATION_LEVEL = 0;
				GCC_PREPROCESSOR_DEFINITIONS = (
					"DEBUG=1",
					"$(inherited)",
				);
				GCC_WARN_64_TO_32_BIT_CONVERSION = YES;
				GCC_WARN_ABOUT_RETURN_TYPE = YES_ERROR;
				GCC_WARN_UNDECLARED_SELECTOR = YES;
				GCC_WARN_UNINITIALIZED_AUTOS = YES_AGGRESSIVE;
				GCC_WARN_UNUSED_FUNCTION = YES;
				GCC_WARN_UNUSED_VARIABLE = YES;
				IPHONEOS_DEPLOYMENT_TARGET = 10.3;
				MTL_ENABLE_DEBUG_INFO = YES;
				ONLY_ACTIVE_ARCH = YES;
				SDKROOT = iphoneos;
			};
			name = Debug;
		};
		3575475B1F4EB84A007390D8 /* Release */ = {
			isa = XCBuildConfiguration;
			buildSettings = {
				ALWAYS_SEARCH_USER_PATHS = NO;
				CLANG_ANALYZER_NONNULL = YES;
				CLANG_ANALYZER_NUMBER_OBJECT_CONVERSION = YES_AGGRESSIVE;
				CLANG_CXX_LANGUAGE_STANDARD = "gnu++0x";
				CLANG_CXX_LIBRARY = "libc++";
				CLANG_ENABLE_MODULES = YES;
				CLANG_ENABLE_OBJC_ARC = YES;
				CLANG_WARN_BOOL_CONVERSION = YES;
				CLANG_WARN_CONSTANT_CONVERSION = YES;
				CLANG_WARN_DIRECT_OBJC_ISA_USAGE = YES_ERROR;
				CLANG_WARN_DOCUMENTATION_COMMENTS = YES;
				CLANG_WARN_EMPTY_BODY = YES;
				CLANG_WARN_ENUM_CONVERSION = YES;
				CLANG_WARN_INFINITE_RECURSION = YES;
				CLANG_WARN_INT_CONVERSION = YES;
				CLANG_WARN_OBJC_ROOT_CLASS = YES_ERROR;
				CLANG_WARN_SUSPICIOUS_MOVE = YES;
				CLANG_WARN_UNREACHABLE_CODE = YES;
				CLANG_WARN__DUPLICATE_METHOD_MATCH = YES;
				"CODE_SIGN_IDENTITY[sdk=iphoneos*]" = "iPhone Developer";
				COPY_PHASE_STRIP = NO;
				DEBUG_INFORMATION_FORMAT = "dwarf-with-dsym";
				ENABLE_NS_ASSERTIONS = NO;
				ENABLE_STRICT_OBJC_MSGSEND = YES;
				GCC_C_LANGUAGE_STANDARD = gnu99;
				GCC_NO_COMMON_BLOCKS = YES;
				GCC_WARN_64_TO_32_BIT_CONVERSION = YES;
				GCC_WARN_ABOUT_RETURN_TYPE = YES_ERROR;
				GCC_WARN_UNDECLARED_SELECTOR = YES;
				GCC_WARN_UNINITIALIZED_AUTOS = YES_AGGRESSIVE;
				GCC_WARN_UNUSED_FUNCTION = YES;
				GCC_WARN_UNUSED_VARIABLE = YES;
				IPHONEOS_DEPLOYMENT_TARGET = 10.3;
				MTL_ENABLE_DEBUG_INFO = NO;
				SDKROOT = iphoneos;
				VALIDATE_PRODUCT = YES;
			};
			name = Release;
		};
		3575475D1F4EB84A007390D8 /* Debug */ = {
			isa = XCBuildConfiguration;
			baseConfigurationReference = 45EAEC6343702078D1E9082B /* Pods-NVFmHero.debug.xcconfig */;
			buildSettings = {
				ASSETCATALOG_COMPILER_APPICON_NAME = AppIcon;
				CLANG_ENABLE_OBJC_ARC = NO;
				DEVELOPMENT_TEAM = X85RG62ZLZ;
				INFOPLIST_FILE = NVFmHero/Info.plist;
				IPHONEOS_DEPLOYMENT_TARGET = 10.0;
				LD_RUNPATH_SEARCH_PATHS = "$(inherited) @executable_path/Frameworks";
				PRODUCT_BUNDLE_IDENTIFIER = NV.NVFmHero;
				PRODUCT_NAME = "$(TARGET_NAME)";
			};
			name = Debug;
		};
		3575475E1F4EB84A007390D8 /* Release */ = {
			isa = XCBuildConfiguration;
			baseConfigurationReference = 6EE4BECDF2CE4641D71612EE /* Pods-NVFmHero.release.xcconfig */;
			buildSettings = {
				ASSETCATALOG_COMPILER_APPICON_NAME = AppIcon;
				CLANG_ENABLE_OBJC_ARC = NO;
				DEVELOPMENT_TEAM = X85RG62ZLZ;
				INFOPLIST_FILE = NVFmHero/Info.plist;
				IPHONEOS_DEPLOYMENT_TARGET = 10.0;
				LD_RUNPATH_SEARCH_PATHS = "$(inherited) @executable_path/Frameworks";
				PRODUCT_BUNDLE_IDENTIFIER = NV.NVFmHero;
				PRODUCT_NAME = "$(TARGET_NAME)";
			};
			name = Release;
		};
/* End XCBuildConfiguration section */

/* Begin XCConfigurationList section */
		3575473D1F4EB84A007390D8 /* Build configuration list for PBXProject "NVFmHero" */ = {
			isa = XCConfigurationList;
			buildConfigurations = (
				3575475A1F4EB84A007390D8 /* Debug */,
				3575475B1F4EB84A007390D8 /* Release */,
			);
			defaultConfigurationIsVisible = 0;
			defaultConfigurationName = Release;
		};
		3575475C1F4EB84A007390D8 /* Build configuration list for PBXNativeTarget "NVFmHero" */ = {
			isa = XCConfigurationList;
			buildConfigurations = (
				3575475D1F4EB84A007390D8 /* Debug */,
				3575475E1F4EB84A007390D8 /* Release */,
			);
			defaultConfigurationIsVisible = 0;
			defaultConfigurationName = Release;
		};
/* End XCConfigurationList section */
	};
	rootObject = 3575473A1F4EB84A007390D8 /* Project object */;
}
